// !$*UTF8*$!
{
	archiveVersion = 1;
	classes = {
	};
	objectVersion = 46;
	objects = {

/* Begin PBXBuildFile section */
		EB92466118AFDA4E00BECE16 /* Foundation.framework in Frameworks */ = {isa = PBXBuildFile; fileRef = EB92466018AFDA4E00BECE16 /* Foundation.framework */; };
		EB92466318AFDA4E00BECE16 /* CoreGraphics.framework in Frameworks */ = {isa = PBXBuildFile; fileRef = EB92466218AFDA4E00BECE16 /* CoreGraphics.framework */; };
		EB92466518AFDA4E00BECE16 /* UIKit.framework in Frameworks */ = {isa = PBXBuildFile; fileRef = EB92466418AFDA4E00BECE16 /* UIKit.framework */; };
		EB92466B18AFDA4E00BECE16 /* InfoPlist.strings in Resources */ = {isa = PBXBuildFile; fileRef = EB92466918AFDA4E00BECE16 /* InfoPlist.strings */; };
		EB92466D18AFDA4E00BECE16 /* main.m in Sources */ = {isa = PBXBuildFile; fileRef = EB92466C18AFDA4E00BECE16 /* main.m */; };
		EB92467118AFDA4E00BECE16 /* AppDelegate.m in Sources */ = {isa = PBXBuildFile; fileRef = EB92467018AFDA4E00BECE16 /* AppDelegate.m */; };
		EB92467318AFDA4E00BECE16 /* Images.xcassets in Resources */ = {isa = PBXBuildFile; fileRef = EB92467218AFDA4E00BECE16 /* Images.xcassets */; };
		EB92467A18AFDA4E00BECE16 /* XCTest.framework in Frameworks */ = {isa = PBXBuildFile; fileRef = EB92467918AFDA4E00BECE16 /* XCTest.framework */; };
		EB92467B18AFDA4E00BECE16 /* Foundation.framework in Frameworks */ = {isa = PBXBuildFile; fileRef = EB92466018AFDA4E00BECE16 /* Foundation.framework */; };
		EB92467C18AFDA4E00BECE16 /* UIKit.framework in Frameworks */ = {isa = PBXBuildFile; fileRef = EB92466418AFDA4E00BECE16 /* UIKit.framework */; };
		EB92468418AFDA4E00BECE16 /* InfoPlist.strings in Resources */ = {isa = PBXBuildFile; fileRef = EB92468218AFDA4E00BECE16 /* InfoPlist.strings */; };
		EB92468618AFDA4E00BECE16 /* ClassAssistantTests.m in Sources */ = {isa = PBXBuildFile; fileRef = EB92468518AFDA4E00BECE16 /* ClassAssistantTests.m */; };
/* End PBXBuildFile section */

/* Begin PBXContainerItemProxy section */
		EB92467D18AFDA4E00BECE16 /* PBXContainerItemProxy */ = {
			isa = PBXContainerItemProxy;
			containerPortal = EB92465518AFDA4E00BECE16 /* Project object */;
			proxyType = 1;
			remoteGlobalIDString = EB92465C18AFDA4E00BECE16;
			remoteInfo = ClassAssistant;
		};
/* End PBXContainerItemProxy section */

/* Begin PBXFileReference section */
		EB92465D18AFDA4E00BECE16 /* ClassAssistant.app */ = {isa = PBXFileReference; explicitFileType = wrapper.application; includeInIndex = 0; path = ClassAssistant.app; sourceTree = BUILT_PRODUCTS_DIR; };
		EB92466018AFDA4E00BECE16 /* Foundation.framework */ = {isa = PBXFileReference; lastKnownFileType = wrapper.framework; name = Foundation.framework; path = System/Library/Frameworks/Foundation.framework; sourceTree = SDKROOT; };
		EB92466218AFDA4E00BECE16 /* CoreGraphics.framework */ = {isa = PBXFileReference; lastKnownFileType = wrapper.framework; name = CoreGraphics.framework; path = System/Library/Frameworks/CoreGraphics.framework; sourceTree = SDKROOT; };
		EB92466418AFDA4E00BECE16 /* UIKit.framework */ = {isa = PBXFileReference; lastKnownFileType = wrapper.framework; name = UIKit.framework; path = System/Library/Frameworks/UIKit.framework; sourceTree = SDKROOT; };
		EB92466818AFDA4E00BECE16 /* ClassAssistant-Info.plist */ = {isa = PBXFileReference; lastKnownFileType = text.plist.xml; path = "ClassAssistant-Info.plist"; sourceTree = "<group>"; };
		EB92466A18AFDA4E00BECE16 /* en */ = {isa = PBXFileReference; lastKnownFileType = text.plist.strings; name = en; path = en.lproj/InfoPlist.strings; sourceTree = "<group>"; };
		EB92466C18AFDA4E00BECE16 /* main.m */ = {isa = PBXFileReference; lastKnownFileType = sourcecode.c.objc; path = main.m; sourceTree = "<group>"; };
		EB92466E18AFDA4E00BECE16 /* ClassAssistant-Prefix.pch */ = {isa = PBXFileReference; lastKnownFileType = sourcecode.c.h; path = "ClassAssistant-Prefix.pch"; sourceTree = "<group>"; };
		EB92466F18AFDA4E00BECE16 /* AppDelegate.h */ = {isa = PBXFileReference; lastKnownFileType = sourcecode.c.h; path = AppDelegate.h; sourceTree = "<group>"; };
		EB92467018AFDA4E00BECE16 /* AppDelegate.m */ = {isa = PBXFileReference; lastKnownFileType = sourcecode.c.objc; path = AppDelegate.m; sourceTree = "<group>"; };
		EB92467218AFDA4E00BECE16 /* Images.xcassets */ = {isa = PBXFileReference; lastKnownFileType = folder.assetcatalog; path = Images.xcassets; sourceTree = "<group>"; };
		EB92467818AFDA4E00BECE16 /* ClassAssistantTests.xctest */ = {isa = PBXFileReference; explicitFileType = wrapper.cfbundle; includeInIndex = 0; path = ClassAssistantTests.xctest; sourceTree = BUILT_PRODUCTS_DIR; };
		EB92467918AFDA4E00BECE16 /* XCTest.framework */ = {isa = PBXFileReference; lastKnownFileType = wrapper.framework; name = XCTest.framework; path = Library/Frameworks/XCTest.framework; sourceTree = DEVELOPER_DIR; };
		EB92468118AFDA4E00BECE16 /* ClassAssistantTests-Info.plist */ = {isa = PBXFileReference; lastKnownFileType = text.plist.xml; path = "ClassAssistantTests-Info.plist"; sourceTree = "<group>"; };
		EB92468318AFDA4E00BECE16 /* en */ = {isa = PBXFileReference; lastKnownFileType = text.plist.strings; name = en; path = en.lproj/InfoPlist.strings; sourceTree = "<group>"; };
		EB92468518AFDA4E00BECE16 /* ClassAssistantTests.m */ = {isa = PBXFileReference; lastKnownFileType = sourcecode.c.objc; path = ClassAssistantTests.m; sourceTree = "<group>"; };
/* End PBXFileReference section */

/* Begin PBXFrameworksBuildPhase section */
		EB92465A18AFDA4E00BECE16 /* Frameworks */ = {
			isa = PBXFrameworksBuildPhase;
			buildActionMask = 2147483647;
			files = (
				EB92466318AFDA4E00BECE16 /* CoreGraphics.framework in Frameworks */,
				EB92466518AFDA4E00BECE16 /* UIKit.framework in Frameworks */,
				EB92466118AFDA4E00BECE16 /* Foundation.framework in Frameworks */,
			);
			runOnlyForDeploymentPostprocessing = 0;
		};
		EB92467518AFDA4E00BECE16 /* Frameworks */ = {
			isa = PBXFrameworksBuildPhase;
			buildActionMask = 2147483647;
			files = (
				EB92467A18AFDA4E00BECE16 /* XCTest.framework in Frameworks */,
				EB92467C18AFDA4E00BECE16 /* UIKit.framework in Frameworks */,
				EB92467B18AFDA4E00BECE16 /* Foundation.framework in Frameworks */,
			);
			runOnlyForDeploymentPostprocessing = 0;
		};
/* End PBXFrameworksBuildPhase section */

/* Begin PBXGroup section */
		EB92465418AFDA4E00BECE16 = {
			isa = PBXGroup;
			children = (
				EB92466618AFDA4E00BECE16 /* ClassAssistant */,
				EB92467F18AFDA4E00BECE16 /* ClassAssistantTests */,
				EB92465F18AFDA4E00BECE16 /* Frameworks */,
				EB92465E18AFDA4E00BECE16 /* Products */,
			);
			sourceTree = "<group>";
		};
		EB92465E18AFDA4E00BECE16 /* Products */ = {
			isa = PBXGroup;
			children = (
				EB92465D18AFDA4E00BECE16 /* ClassAssistant.app */,
				EB92467818AFDA4E00BECE16 /* ClassAssistantTests.xctest */,
			);
			name = Products;
			sourceTree = "<group>";
		};
		EB92465F18AFDA4E00BECE16 /* Frameworks */ = {
			isa = PBXGroup;
			children = (
				EB92466018AFDA4E00BECE16 /* Foundation.framework */,
				EB92466218AFDA4E00BECE16 /* CoreGraphics.framework */,
				EB92466418AFDA4E00BECE16 /* UIKit.framework */,
				EB92467918AFDA4E00BECE16 /* XCTest.framework */,
			);
			name = Frameworks;
			sourceTree = "<group>";
		};
		EB92466618AFDA4E00BECE16 /* ClassAssistant */ = {
			isa = PBXGroup;
			children = (
				EB92466F18AFDA4E00BECE16 /* AppDelegate.h */,
				EB92467018AFDA4E00BECE16 /* AppDelegate.m */,
				EB92467218AFDA4E00BECE16 /* Images.xcassets */,
				EB92466718AFDA4E00BECE16 /* Supporting Files */,
			);
			path = ClassAssistant;
			sourceTree = "<group>";
		};
		EB92466718AFDA4E00BECE16 /* Supporting Files */ = {
			isa = PBXGroup;
			children = (
				EB92466818AFDA4E00BECE16 /* ClassAssistant-Info.plist */,
				EB92466918AFDA4E00BECE16 /* InfoPlist.strings */,
				EB92466C18AFDA4E00BECE16 /* main.m */,
				EB92466E18AFDA4E00BECE16 /* ClassAssistant-Prefix.pch */,
			);
			name = "Supporting Files";
			sourceTree = "<group>";
		};
		EB92467F18AFDA4E00BECE16 /* ClassAssistantTests */ = {
			isa = PBXGroup;
			children = (
				EB92468518AFDA4E00BECE16 /* ClassAssistantTests.m */,
				EB92468018AFDA4E00BECE16 /* Supporting Files */,
			);
			path = ClassAssistantTests;
			sourceTree = "<group>";
		};
		EB92468018AFDA4E00BECE16 /* Supporting Files */ = {
			isa = PBXGroup;
			children = (
				EB92468118AFDA4E00BECE16 /* ClassAssistantTests-Info.plist */,
				EB92468218AFDA4E00BECE16 /* InfoPlist.strings */,
			);
			name = "Supporting Files";
			sourceTree = "<group>";
		};
/* End PBXGroup section */

/* Begin PBXNativeTarget section */
		EB92465C18AFDA4E00BECE16 /* ClassAssistant */ = {
			isa = PBXNativeTarget;
			buildConfigurationList = EB92468918AFDA4E00BECE16 /* Build configuration list for PBXNativeTarget "ClassAssistant" */;
			buildPhases = (
				EB92465918AFDA4E00BECE16 /* Sources */,
				EB92465A18AFDA4E00BECE16 /* Frameworks */,
				EB92465B18AFDA4E00BECE16 /* Resources */,
			);
			buildRules = (
			);
			dependencies = (
			);
			name = ClassAssistant;
			productName = ClassAssistant;
			productReference = EB92465D18AFDA4E00BECE16 /* ClassAssistant.app */;
			productType = "com.apple.product-type.application";
		};
		EB92467718AFDA4E00BECE16 /* ClassAssistantTests */ = {
			isa = PBXNativeTarget;
			buildConfigurationList = EB92468C18AFDA4E00BECE16 /* Build configuration list for PBXNativeTarget "ClassAssistantTests" */;
			buildPhases = (
				EB92467418AFDA4E00BECE16 /* Sources */,
				EB92467518AFDA4E00BECE16 /* Frameworks */,
				EB92467618AFDA4E00BECE16 /* Resources */,
			);
			buildRules = (
			);
			dependencies = (
				EB92467E18AFDA4E00BECE16 /* PBXTargetDependency */,
			);
			name = ClassAssistantTests;
			productName = ClassAssistantTests;
			productReference = EB92467818AFDA4E00BECE16 /* ClassAssistantTests.xctest */;
			productType = "com.apple.product-type.bundle.unit-test";
		};
/* End PBXNativeTarget section */

/* Begin PBXProject section */
		EB92465518AFDA4E00BECE16 /* Project object */ = {
			isa = PBXProject;
			attributes = {
				LastUpgradeCheck = 0500;
				ORGANIZATIONNAME = "Murilo Campaner";
				TargetAttributes = {
					EB92467718AFDA4E00BECE16 = {
						TestTargetID = EB92465C18AFDA4E00BECE16;
					};
				};
			};
			buildConfigurationList = EB92465818AFDA4E00BECE16 /* Build configuration list for PBXProject "ClassAssistant" */;
			compatibilityVersion = "Xcode 3.2";
			developmentRegion = English;
			hasScannedForEncodings = 0;
			knownRegions = (
				en,
			);
			mainGroup = EB92465418AFDA4E00BECE16;
			productRefGroup = EB92465E18AFDA4E00BECE16 /* Products */;
			projectDirPath = "";
			projectRoot = "";
			targets = (
				EB92465C18AFDA4E00BECE16 /* ClassAssistant */,
				EB92467718AFDA4E00BECE16 /* ClassAssistantTests */,
			);
		};
/* End PBXProject section */

/* Begin PBXResourcesBuildPhase section */
		EB92465B18AFDA4E00BECE16 /* Resources */ = {
			isa = PBXResourcesBuildPhase;
			buildActionMask = 2147483647;
			files = (
				EB92466B18AFDA4E00BECE16 /* InfoPlist.strings in Resources */,
				EB92467318AFDA4E00BECE16 /* Images.xcassets in Resources */,
			);
			runOnlyForDeploymentPostprocessing = 0;
		};
		EB92467618AFDA4E00BECE16 /* Resources */ = {
			isa = PBXResourcesBuildPhase;
			buildActionMask = 2147483647;
			files = (
				EB92468418AFDA4E00BECE16 /* InfoPlist.strings in Resources */,
			);
			runOnlyForDeploymentPostprocessing = 0;
		};
/* End PBXResourcesBuildPhase section */

/* Begin PBXSourcesBuildPhase section */
		EB92465918AFDA4E00BECE16 /* Sources */ = {
			isa = PBXSourcesBuildPhase;
			buildActionMask = 2147483647;
			files = (
				EB92467118AFDA4E00BECE16 /* AppDelegate.m in Sources */,
				EB92466D18AFDA4E00BECE16 /* main.m in Sources */,
			);
			runOnlyForDeploymentPostprocessing = 0;
		};
		EB92467418AFDA4E00BECE16 /* Sources */ = {
			isa = PBXSourcesBuildPhase;
			buildActionMask = 2147483647;
			files = (
				EB92468618AFDA4E00BECE16 /* ClassAssistantTests.m in Sources */,
			);
			runOnlyForDeploymentPostprocessing = 0;
		};
/* End PBXSourcesBuildPhase section */

/* Begin PBXTargetDependency section */
		EB92467E18AFDA4E00BECE16 /* PBXTargetDependency */ = {
			isa = PBXTargetDependency;
			target = EB92465C18AFDA4E00BECE16 /* ClassAssistant */;
			targetProxy = EB92467D18AFDA4E00BECE16 /* PBXContainerItemProxy */;
		};
/* End PBXTargetDependency section */

/* Begin PBXVariantGroup section */
		EB92466918AFDA4E00BECE16 /* InfoPlist.strings */ = {
			isa = PBXVariantGroup;
			children = (
				EB92466A18AFDA4E00BECE16 /* en */,
			);
			name = InfoPlist.strings;
			sourceTree = "<group>";
		};
		EB92468218AFDA4E00BECE16 /* InfoPlist.strings */ = {
			isa = PBXVariantGroup;
			children = (
				EB92468318AFDA4E00BECE16 /* en */,
			);
			name = InfoPlist.strings;
			sourceTree = "<group>";
		};
/* End PBXVariantGroup section */

/* Begin XCBuildConfiguration section */
		EB92468718AFDA4E00BECE16 /* Debug */ = {
			isa = XCBuildConfiguration;
			buildSettings = {
				ALWAYS_SEARCH_USER_PATHS = NO;
				ARCHS = "$(ARCHS_STANDARD_INCLUDING_64_BIT)";
				CLANG_CXX_LANGUAGE_STANDARD = "gnu++0x";
				CLANG_CXX_LIBRARY = "libc++";
				CLANG_ENABLE_MODULES = YES;
				CLANG_ENABLE_OBJC_ARC = YES;
				CLANG_WARN_BOOL_CONVERSION = YES;
				CLANG_WARN_CONSTANT_CONVERSION = YES;
				CLANG_WARN_DIRECT_OBJC_ISA_USAGE = YES_ERROR;
				CLANG_WARN_EMPTY_BODY = YES;
				CLANG_WARN_ENUM_CONVERSION = YES;
				CLANG_WARN_INT_CONVERSION = YES;
				CLANG_WARN_OBJC_ROOT_CLASS = YES_ERROR;
				CLANG_WARN__DUPLICATE_METHOD_MATCH = YES;
				"CODE_SIGN_IDENTITY[sdk=iphoneos*]" = "iPhone Developer";
				COPY_PHASE_STRIP = NO;
				GCC_C_LANGUAGE_STANDARD = gnu99;
				GCC_DYNAMIC_NO_PIC = NO;
				GCC_OPTIMIZATION_LEVEL = 0;
				GCC_PREPROCESSOR_DEFINITIONS = (
					"DEBUG=1",
					"$(inherited)",
				);
				GCC_SYMBOLS_PRIVATE_EXTERN = NO;
				GCC_WARN_64_TO_32_BIT_CONVERSION = YES;
				GCC_WARN_ABOUT_RETURN_TYPE = YES_ERROR;
				GCC_WARN_UNDECLARED_SELECTOR = YES;
				GCC_WARN_UNINITIALIZED_AUTOS = YES;
				GCC_WARN_UNUSED_FUNCTION = YES;
				GCC_WARN_UNUSED_VARIABLE = YES;
				IPHONEOS_DEPLOYMENT_TARGET = 7.0;
				ONLY_ACTIVE_ARCH = YES;
				SDKROOT = iphoneos;
			};
			name = Debug;
		};
		EB92468818AFDA4E00BECE16 /* Release */ = {
			isa = XCBuildConfiguration;
			buildSettings = {
				ALWAYS_SEARCH_USER_PATHS = NO;
				ARCHS = "$(ARCHS_STANDARD_INCLUDING_64_BIT)";
				CLANG_CXX_LANGUAGE_STANDARD = "gnu++0x";
				CLANG_CXX_LIBRARY = "libc++";
				CLANG_ENABLE_MODULES = YES;
				CLANG_ENABLE_OBJC_ARC = YES;
				CLANG_WARN_BOOL_CONVERSION = YES;
				CLANG_WARN_CONSTANT_CONVERSION = YES;
				CLANG_WARN_DIRECT_OBJC_ISA_USAGE = YES_ERROR;
				CLANG_WARN_EMPTY_BODY = YES;
				CLANG_WARN_ENUM_CONVERSION = YES;
				CLANG_WARN_INT_CONVERSION = YES;
				CLANG_WARN_OBJC_ROOT_CLASS = YES_ERROR;
				CLANG_WARN__DUPLICATE_METHOD_MATCH = YES;
				"CODE_SIGN_IDENTITY[sdk=iphoneos*]" = "iPhone Developer";
				COPY_PHASE_STRIP = YES;
				ENABLE_NS_ASSERTIONS = NO;
				GCC_C_LANGUAGE_STANDARD = gnu99;
				GCC_WARN_64_TO_32_BIT_CONVERSION = YES;
				GCC_WARN_ABOUT_RETURN_TYPE = YES_ERROR;
				GCC_WARN_UNDECLARED_SELECTOR = YES;
				GCC_WARN_UNINITIALIZED_AUTOS = YES;
				GCC_WARN_UNUSED_FUNCTION = YES;
				GCC_WARN_UNUSED_VARIABLE = YES;
				IPHONEOS_DEPLOYMENT_TARGET = 7.0;
				SDKROOT = iphoneos;
				VALIDATE_PRODUCT = YES;
			};
			name = Release;
		};
		EB92468A18AFDA4E00BECE16 /* Debug */ = {
			isa = XCBuildConfiguration;
			buildSettings = {
				ASSETCATALOG_COMPILER_APPICON_NAME = AppIcon;
				ASSETCATALOG_COMPILER_LAUNCHIMAGE_NAME = LaunchImage;
				GCC_PRECOMPILE_PREFIX_HEADER = YES;
				GCC_PREFIX_HEADER = "ClassAssistant/ClassAssistant-Prefix.pch";
				INFOPLIST_FILE = "ClassAssistant/ClassAssistant-Info.plist";
				PRODUCT_NAME = "$(TARGET_NAME)";
				WRAPPER_EXTENSION = app;
			};
			name = Debug;
		};
		EB92468B18AFDA4E00BECE16 /* Release */ = {
			isa = XCBuildConfiguration;
			buildSettings = {
				ASSETCATALOG_COMPILER_APPICON_NAME = AppIcon;
				ASSETCATALOG_COMPILER_LAUNCHIMAGE_NAME = LaunchImage;
				GCC_PRECOMPILE_PREFIX_HEADER = YES;
				GCC_PREFIX_HEADER = "ClassAssistant/ClassAssistant-Prefix.pch";
				INFOPLIST_FILE = "ClassAssistant/ClassAssistant-Info.plist";
				PRODUCT_NAME = "$(TARGET_NAME)";
				WRAPPER_EXTENSION = app;
			};
			name = Release;
		};
		EB92468D18AFDA4E00BECE16 /* Debug */ = {
			isa = XCBuildConfiguration;
			buildSettings = {
				ARCHS = "$(ARCHS_STANDARD_INCLUDING_64_BIT)";
				BUNDLE_LOADER = "$(BUILT_PRODUCTS_DIR)/ClassAssistant.app/ClassAssistant";
				FRAMEWORK_SEARCH_PATHS = (
					"$(SDKROOT)/Developer/Library/Frameworks",
					"$(inherited)",
					"$(DEVELOPER_FRAMEWORKS_DIR)",
				);
				GCC_PRECOMPILE_PREFIX_HEADER = YES;
				GCC_PREFIX_HEADER = "ClassAssistant/ClassAssistant-Prefix.pch";
				GCC_PREPROCESSOR_DEFINITIONS = (
					"DEBUG=1",
					"$(inherited)",
				);
				INFOPLIST_FILE = "ClassAssistantTests/ClassAssistantTests-Info.plist";
				PRODUCT_NAME = "$(TARGET_NAME)";
				TEST_HOST = "$(BUNDLE_LOADER)";
				WRAPPER_EXTENSION = xctest;
			};
			name = Debug;
		};
		EB92468E18AFDA4E00BECE16 /* Release */ = {
			isa = XCBuildConfiguration;
			buildSettings = {
				ARCHS = "$(ARCHS_STANDARD_INCLUDING_64_BIT)";
				BUNDLE_LOADER = "$(BUILT_PRODUCTS_DIR)/ClassAssistant.app/ClassAssistant";
				FRAMEWORK_SEARCH_PATHS = (
					"$(SDKROOT)/Developer/Library/Frameworks",
					"$(inherited)",
					"$(DEVELOPER_FRAMEWORKS_DIR)",
				);
				GCC_PRECOMPILE_PREFIX_HEADER = YES;
				GCC_PREFIX_HEADER = "ClassAssistant/ClassAssistant-Prefix.pch";
				INFOPLIST_FILE = "ClassAssistantTests/ClassAssistantTests-Info.plist";
				PRODUCT_NAME = "$(TARGET_NAME)";
				TEST_HOST = "$(BUNDLE_LOADER)";
				WRAPPER_EXTENSION = xctest;
			};
			name = Release;
		};
/* End XCBuildConfiguration section */

/* Begin XCConfigurationList section */
		EB92465818AFDA4E00BECE16 /* Build configuration list for PBXProject "ClassAssistant" */ = {
			isa = XCConfigurationList;
			buildConfigurations = (
				EB92468718AFDA4E00BECE16 /* Debug */,
				EB92468818AFDA4E00BECE16 /* Release */,
			);
			defaultConfigurationIsVisible = 0;
			defaultConfigurationName = Release;
		};
		EB92468918AFDA4E00BECE16 /* Build configuration list for PBXNativeTarget "ClassAssistant" */ = {
			isa = XCConfigurationList;
			buildConfigurations = (
				EB92468A18AFDA4E00BECE16 /* Debug */,
				EB92468B18AFDA4E00BECE16 /* Release */,
			);
			defaultConfigurationIsVisible = 0;
		};
		EB92468C18AFDA4E00BECE16 /* Build configuration list for PBXNativeTarget "ClassAssistantTests" */ = {
			isa = XCConfigurationList;
			buildConfigurations = (
				EB92468D18AFDA4E00BECE16 /* Debug */,
				EB92468E18AFDA4E00BECE16 /* Release */,
			);
			defaultConfigurationIsVisible = 0;
		};
/* End XCConfigurationList section */
	};
	rootObject = EB92465518AFDA4E00BECE16 /* Project object */;
}
